
Microsoft Visual Studio Solution File, Format Version 12.00
# Visual Studio 15
VisualStudioVersion = 15.0.28307.168
MinimumVisualStudioVersion = 10.0.40219.1
Project("{FAE04EC0-301F-11D3-BF4B-00C04F79EFBC}") = "demo", "demo\demo.csproj", "{D13F6B1C-2189-403C-B214-58A288F004DF}"
EndProject
Global
	GlobalSection(SolutionConfigurationPlatforms) = preSolution
		Debug|Any CPU = Debug|Any CPU
		Release|Any CPU = Release|Any CPU
	EndGlobalSection
	GlobalSection(ProjectConfigurationPlatforms) = postSolution
		{D13F6B1C-2189-403C-B214-58A288F004DF}.Debug|Any CPU.ActiveCfg = Debug|Any CPU
		{D13F6B1C-2189-403C-B214-58A288F004DF}.Debug|Any CPU.Build.0 = Debug|Any CPU
		{D13F6B1C-2189-403C-B214-58A288F004DF}.Release|Any CPU.ActiveCfg = Release|Any CPU
		{D13F6B1C-2189-403C-B214-58A288F004DF}.Release|Any CPU.Build.0 = Release|Any CPU
	EndGlobalSection
	GlobalSection(SolutionProperties) = preSolution
		HideSolutionNode = FALSE
	EndGlobalSection
	GlobalSection(ExtensibilityGlobals) = postSolution
		SolutionGuid = {945EC1A4-DD0C-45FC-8B0A-9D2AFE301576}
	EndGlobalSection
EndGlobal
